
Microsoft Visual Studio Solution File, Format Version 12.00
# Visual Studio 15
VisualStudioVersion = 15.0.28010.2019
MinimumVisualStudioVersion = 10.0.40219.1
Project("{FAE04EC0-301F-11D3-BF4B-00C04F79EFBC}") = "SA47Team10a_GalaxyLibrary", "SA47Team10a_GalaxyLibrary.csproj", "{647637C5-B4DD-4424-A04F-919C2353829B}"
EndProject
Global
	GlobalSection(SolutionConfigurationPlatforms) = preSolution
		Debug|Any CPU = Debug|Any CPU
		Release|Any CPU = Release|Any CPU
	EndGlobalSection
	GlobalSection(ProjectConfigurationPlatforms) = postSolution
		{647637C5-B4DD-4424-A04F-919C2353829B}.Debug|Any CPU.ActiveCfg = Debug|Any CPU
		{647637C5-B4DD-4424-A04F-919C2353829B}.Debug|Any CPU.Build.0 = Debug|Any CPU
		{647637C5-B4DD-4424-A04F-919C2353829B}.Release|Any CPU.ActiveCfg = Release|Any CPU
		{647637C5-B4DD-4424-A04F-919C2353829B}.Release|Any CPU.Build.0 = Release|Any CPU
	EndGlobalSection
	GlobalSection(SolutionProperties) = preSolution
		HideSolutionNode = FALSE
	EndGlobalSection
	GlobalSection(ExtensibilityGlobals) = postSolution
		SolutionGuid = {459A88A2-9B0A-4507-A757-14E775E3E5EB}
	EndGlobalSection
EndGlobal
